PODS:
  - ConsentViewController (5.3.6)
  - Flutter (1.0.0)
  - sourcepoint_cmp (0.0.1):
    - ConsentViewController (= 5.3.6)
    - Flutter

DEPENDENCIES:
  - Flutter (from `Flutter`)
  - sourcepoint_cmp (from `.symlinks/plugins/sourcepoint_cmp/ios`)

SPEC REPOS:
  trunk:
    - ConsentViewController

EXTERNAL SOURCES:
  Flutter:
    :path: Flutter
  sourcepoint_cmp:
    :path: ".symlinks/plugins/sourcepoint_cmp/ios"

SPEC CHECKSUMS:
  ConsentViewController: 7b4a44c1d19687fee1e423d59b175e1858017c3e
  Flutter: f04841e97a9d0b0a8025694d0796dd46242b2854
  sourcepoint_cmp: 47d587377d1958d5e2dee3cbcdc18eb4f509145a

PODFILE CHECKSUM: 70d9d25280d0dd177a5f637cdb0f0b0b12c6a189

COCOAPODS: 1.12.0
